
Microsoft Visual Studio Solution File, Format Version 12.00
# Visual Studio Version 17
VisualStudioVersion = 17.2.32505.173
MinimumVisualStudioVersion = 10.0.40219.1
Project("{9A19103F-16F7-4668-BE54-9A1E7A4F7556}") = "UnitTestClasses", "Calculations\UnitTestClasses.csproj", "{007AE414-596D-4B2F-A3F1-720406162004}"
EndProject
Project("{9A19103F-16F7-4668-BE54-9A1E7A4F7556}") = "AppTests", "CalculationsTests\AppTests.csproj", "{24D9DDB1-F577-4A2C-8AAB-4A3EBFF7DC19}"
EndProject
Global
	GlobalSection(SolutionConfigurationPlatforms) = preSolution
		Debug|Any CPU = Debug|Any CPU
		Release|Any CPU = Release|Any CPU
	EndGlobalSection
	GlobalSection(ProjectConfigurationPlatforms) = postSolution
		{007AE414-596D-4B2F-A3F1-720406162004}.Debug|Any CPU.ActiveCfg = Debug|Any CPU
		{007AE414-596D-4B2F-A3F1-720406162004}.Debug|Any CPU.Build.0 = Debug|Any CPU
		{007AE414-596D-4B2F-A3F1-720406162004}.Release|Any CPU.ActiveCfg = Release|Any CPU
		{007AE414-596D-4B2F-A3F1-720406162004}.Release|Any CPU.Build.0 = Release|Any CPU
		{24D9DDB1-F577-4A2C-8AAB-4A3EBFF7DC19}.Debug|Any CPU.ActiveCfg = Debug|Any CPU
		{24D9DDB1-F577-4A2C-8AAB-4A3EBFF7DC19}.Debug|Any CPU.Build.0 = Debug|Any CPU
		{24D9DDB1-F577-4A2C-8AAB-4A3EBFF7DC19}.Release|Any CPU.ActiveCfg = Release|Any CPU
		{24D9DDB1-F577-4A2C-8AAB-4A3EBFF7DC19}.Release|Any CPU.Build.0 = Release|Any CPU
	EndGlobalSection
	GlobalSection(SolutionProperties) = preSolution
		HideSolutionNode = FALSE
	EndGlobalSection
	GlobalSection(ExtensibilityGlobals) = postSolution
		SolutionGuid = {D8416E0E-899C-4C73-9316-4DEAA4D94A17}
	EndGlobalSection
EndGlobal
